
Microsoft Visual Studio Solution File, Format Version 12.00
# Visual Studio Version 17
VisualStudioVersion = 17.0.31903.59
MinimumVisualStudioVersion = 10.0.40219.1
Project("{9A19103F-16F7-4668-BE54-9A1E7A4F7556}") = "IceCoffee.DbCore", "IceCoffee.DbCore\IceCoffee.DbCore.csproj", "{EC42D04C-F226-4456-B032-11A4CF29F093}"
EndProject
Project("{9A19103F-16F7-4668-BE54-9A1E7A4F7556}") = "IceCoffee.DbCore.Tools", "IceCoffee.DbCore.Tools\IceCoffee.DbCore.Tools.csproj", "{61289938-99EF-419F-8A96-0CE021823DAF}"
EndProject
Project("{FAE04EC0-301F-11D3-BF4B-00C04F79EFBC}") = "IceCoffee.DbCore.CodeGenerator", "IceCoffee.DbCore.CodeGenerator\IceCoffee.DbCore.CodeGenerator.csproj", "{C4172377-A4C2-4CFD-B2FD-BCF276A278CC}"
EndProject
Global
	GlobalSection(SolutionConfigurationPlatforms) = preSolution
		Debug|Any CPU = Debug|Any CPU
		Release|Any CPU = Release|Any CPU
	EndGlobalSection
	GlobalSection(ProjectConfigurationPlatforms) = postSolution
		{EC42D04C-F226-4456-B032-11A4CF29F093}.Debug|Any CPU.ActiveCfg = Debug|Any CPU
		{EC42D04C-F226-4456-B032-11A4CF29F093}.Debug|Any CPU.Build.0 = Debug|Any CPU
		{EC42D04C-F226-4456-B032-11A4CF29F093}.Release|Any CPU.ActiveCfg = Release|Any CPU
		{EC42D04C-F226-4456-B032-11A4CF29F093}.Release|Any CPU.Build.0 = Release|Any CPU
		{61289938-99EF-419F-8A96-0CE021823DAF}.Debug|Any CPU.ActiveCfg = Debug|Any CPU
		{61289938-99EF-419F-8A96-0CE021823DAF}.Debug|Any CPU.Build.0 = Debug|Any CPU
		{61289938-99EF-419F-8A96-0CE021823DAF}.Release|Any CPU.ActiveCfg = Release|Any CPU
		{61289938-99EF-419F-8A96-0CE021823DAF}.Release|Any CPU.Build.0 = Release|Any CPU
		{C4172377-A4C2-4CFD-B2FD-BCF276A278CC}.Debug|Any CPU.ActiveCfg = Debug|Any CPU
		{C4172377-A4C2-4CFD-B2FD-BCF276A278CC}.Debug|Any CPU.Build.0 = Debug|Any CPU
		{C4172377-A4C2-4CFD-B2FD-BCF276A278CC}.Release|Any CPU.ActiveCfg = Release|Any CPU
		{C4172377-A4C2-4CFD-B2FD-BCF276A278CC}.Release|Any CPU.Build.0 = Release|Any CPU
	EndGlobalSection
	GlobalSection(SolutionProperties) = preSolution
		HideSolutionNode = FALSE
	EndGlobalSection
	GlobalSection(ExtensibilityGlobals) = postSolution
		SolutionGuid = {1DF3ADD4-CF4E-4E9F-89FA-7C335B5974DD}
	EndGlobalSection
EndGlobal
